// !$*UTF8*$!
{
	archiveVersion = 1;
	classes = {
	};
	objectVersion = 56;
	objects = {

/* Begin PBXBuildFile section */
		E4B1E7582BF7497700ECADFA /* AppDelegate.swift in Sources */ = {isa = PBXBuildFile; fileRef = E4B1E7572BF7497700ECADFA /* AppDelegate.swift */; };
		E4B1E75A2BF7497700ECADFA /* SceneDelegate.swift in Sources */ = {isa = PBXBuildFile; fileRef = E4B1E7592BF7497700ECADFA /* SceneDelegate.swift */; };
		E4B1E75C2BF7497700ECADFA /* MainViewController.swift in Sources */ = {isa = PBXBuildFile; fileRef = E4B1E75B2BF7497700ECADFA /* MainViewController.swift */; };
		E4B1E75F2BF7497700ECADFA /* Main.storyboard in Resources */ = {isa = PBXBuildFile; fileRef = E4B1E75D2BF7497700ECADFA /* Main.storyboard */; };
		E4B1E7612BF7497900ECADFA /* Assets.xcassets in Resources */ = {isa = PBXBuildFile; fileRef = E4B1E7602BF7497900ECADFA /* Assets.xcassets */; };
		E4B1E7642BF7497900ECADFA /* LaunchScreen.storyboard in Resources */ = {isa = PBXBuildFile; fileRef = E4B1E7622BF7497900ECADFA /* LaunchScreen.storyboard */; };
/* End PBXBuildFile section */

/* Begin PBXFileReference section */
		E4B1E7542BF7497700ECADFA /* SejongHackathon.app */ = {isa = PBXFileReference; explicitFileType = wrapper.application; includeInIndex = 0; path = SejongHackathon.app; sourceTree = BUILT_PRODUCTS_DIR; };
		E4B1E7572BF7497700ECADFA /* AppDelegate.swift */ = {isa = PBXFileReference; lastKnownFileType = sourcecode.swift; path = AppDelegate.swift; sourceTree = "<group>"; };
		E4B1E7592BF7497700ECADFA /* SceneDelegate.swift */ = {isa = PBXFileReference; lastKnownFileType = sourcecode.swift; path = SceneDelegate.swift; sourceTree = "<group>"; };
		E4B1E75B2BF7497700ECADFA /* MainViewController.swift */ = {isa = PBXFileReference; lastKnownFileType = sourcecode.swift; path = MainViewController.swift; sourceTree = "<group>"; };
		E4B1E75E2BF7497700ECADFA /* Base */ = {isa = PBXFileReference; lastKnownFileType = file.storyboard; name = Base; path = Base.lproj/Main.storyboard; sourceTree = "<group>"; };
		E4B1E7602BF7497900ECADFA /* Assets.xcassets */ = {isa = PBXFileReference; lastKnownFileType = folder.assetcatalog; path = Assets.xcassets; sourceTree = "<group>"; };
		E4B1E7632BF7497900ECADFA /* Base */ = {isa = PBXFileReference; lastKnownFileType = file.storyboard; name = Base; path = Base.lproj/LaunchScreen.storyboard; sourceTree = "<group>"; };
		E4B1E7652BF7497900ECADFA /* Info.plist */ = {isa = PBXFileReference; lastKnownFileType = text.plist.xml; path = Info.plist; sourceTree = "<group>"; };
		E4B1E7712BF749D400ECADFA /* SejongHackathon.entitlements */ = {isa = PBXFileReference; lastKnownFileType = text.plist.entitlements; path = SejongHackathon.entitlements; sourceTree = "<group>"; };
/* End PBXFileReference section */

/* Begin PBXFrameworksBuildPhase section */
		E4B1E7512BF7497700ECADFA /* Frameworks */ = {
			isa = PBXFrameworksBuildPhase;
			buildActionMask = 2147483647;
			files = (
			);
			runOnlyForDeploymentPostprocessing = 0;
		};
/* End PBXFrameworksBuildPhase section */

/* Begin PBXGroup section */
		E4B1E74B2BF7497700ECADFA = {
			isa = PBXGroup;
			children = (
				E4B1E7562BF7497700ECADFA /* SejongHackathon */,
				E4B1E7552BF7497700ECADFA /* Products */,
			);
			sourceTree = "<group>";
		};
		E4B1E7552BF7497700ECADFA /* Products */ = {
			isa = PBXGroup;
			children = (
				E4B1E7542BF7497700ECADFA /* SejongHackathon.app */,
			);
			name = Products;
			sourceTree = "<group>";
		};
		E4B1E7562BF7497700ECADFA /* SejongHackathon */ = {
			isa = PBXGroup;
			children = (
				E4B1E7712BF749D400ECADFA /* SejongHackathon.entitlements */,
				E4B1E7652BF7497900ECADFA /* Info.plist */,
				E4B1E7702BF7499800ECADFA /* Entity */,
				E4B1E76F2BF7499400ECADFA /* Feat */,
				E4B1E76E2BF7499000ECADFA /* Network */,
				E4B1E76C2BF7498300ECADFA /* App */,
				E4B1E75D2BF7497700ECADFA /* Main.storyboard */,
			);
			path = SejongHackathon;
			sourceTree = "<group>";
		};
		E4B1E76C2BF7498300ECADFA /* App */ = {
			isa = PBXGroup;
			children = (
				E4B1E7622BF7497900ECADFA /* LaunchScreen.storyboard */,
				E4B1E7602BF7497900ECADFA /* Assets.xcassets */,
				E4B1E76D2BF7498700ECADFA /* Delegate */,
			);
			path = App;
			sourceTree = "<group>";
		};
		E4B1E76D2BF7498700ECADFA /* Delegate */ = {
			isa = PBXGroup;
			children = (
				E4B1E7592BF7497700ECADFA /* SceneDelegate.swift */,
				E4B1E7572BF7497700ECADFA /* AppDelegate.swift */,
			);
			path = Delegate;
			sourceTree = "<group>";
		};
		E4B1E76E2BF7499000ECADFA /* Network */ = {
			isa = PBXGroup;
			children = (
			);
			path = Network;
			sourceTree = "<group>";
		};
		E4B1E76F2BF7499400ECADFA /* Feat */ = {
			isa = PBXGroup;
			children = (
				E4B1E75B2BF7497700ECADFA /* MainViewController.swift */,
			);
			path = Feat;
			sourceTree = "<group>";
		};
		E4B1E7702BF7499800ECADFA /* Entity */ = {
			isa = PBXGroup;
			children = (
			);
			path = Entity;
			sourceTree = "<group>";
		};
/* End PBXGroup section */

/* Begin PBXNativeTarget section */
		E4B1E7532BF7497700ECADFA /* SejongHackathon */ = {
			isa = PBXNativeTarget;
			buildConfigurationList = E4B1E7682BF7497900ECADFA /* Build configuration list for PBXNativeTarget "SejongHackathon" */;
			buildPhases = (
				E4B1E7502BF7497700ECADFA /* Sources */,
				E4B1E7512BF7497700ECADFA /* Frameworks */,
				E4B1E7522BF7497700ECADFA /* Resources */,
			);
			buildRules = (
			);
			dependencies = (
			);
			name = SejongHackathon;
			productName = SejongHackathon;
			productReference = E4B1E7542BF7497700ECADFA /* SejongHackathon.app */;
			productType = "com.apple.product-type.application";
		};
/* End PBXNativeTarget section */

/* Begin PBXProject section */
		E4B1E74C2BF7497700ECADFA /* Project object */ = {
			isa = PBXProject;
			attributes = {
				BuildIndependentTargetsInParallel = 1;
				LastSwiftUpdateCheck = 1430;
				LastUpgradeCheck = 1430;
				TargetAttributes = {
					E4B1E7532BF7497700ECADFA = {
						CreatedOnToolsVersion = 14.3.1;
					};
				};
			};
			buildConfigurationList = E4B1E74F2BF7497700ECADFA /* Build configuration list for PBXProject "SejongHackathon" */;
			compatibilityVersion = "Xcode 14.0";
			developmentRegion = en;
			hasScannedForEncodings = 0;
			knownRegions = (
				en,
				Base,
			);
			mainGroup = E4B1E74B2BF7497700ECADFA;
			productRefGroup = E4B1E7552BF7497700ECADFA /* Products */;
			projectDirPath = "";
			projectRoot = "";
			targets = (
				E4B1E7532BF7497700ECADFA /* SejongHackathon */,
			);
		};
/* End PBXProject section */

/* Begin PBXResourcesBuildPhase section */
		E4B1E7522BF7497700ECADFA /* Resources */ = {
			isa = PBXResourcesBuildPhase;
			buildActionMask = 2147483647;
			files = (
				E4B1E7642BF7497900ECADFA /* LaunchScreen.storyboard in Resources */,
				E4B1E7612BF7497900ECADFA /* Assets.xcassets in Resources */,
				E4B1E75F2BF7497700ECADFA /* Main.storyboard in Resources */,
			);
			runOnlyForDeploymentPostprocessing = 0;
		};
/* End PBXResourcesBuildPhase section */

/* Begin PBXSourcesBuildPhase section */
		E4B1E7502BF7497700ECADFA /* Sources */ = {
			isa = PBXSourcesBuildPhase;
			buildActionMask = 2147483647;
			files = (
				E4B1E75C2BF7497700ECADFA /* MainViewController.swift in Sources */,
				E4B1E7582BF7497700ECADFA /* AppDelegate.swift in Sources */,
				E4B1E75A2BF7497700ECADFA /* SceneDelegate.swift in Sources */,
			);
			runOnlyForDeploymentPostprocessing = 0;
		};
/* End PBXSourcesBuildPhase section */

/* Begin PBXVariantGroup section */
		E4B1E75D2BF7497700ECADFA /* Main.storyboard */ = {
			isa = PBXVariantGroup;
			children = (
				E4B1E75E2BF7497700ECADFA /* Base */,
			);
			name = Main.storyboard;
			sourceTree = "<group>";
		};
		E4B1E7622BF7497900ECADFA /* LaunchScreen.storyboard */ = {
			isa = PBXVariantGroup;
			children = (
				E4B1E7632BF7497900ECADFA /* Base */,
			);
			name = LaunchScreen.storyboard;
			sourceTree = "<group>";
		};
/* End PBXVariantGroup section */

/* Begin XCBuildConfiguration section */
		E4B1E7662BF7497900ECADFA /* Debug */ = {
			isa = XCBuildConfiguration;
			buildSettings = {
				ALWAYS_SEARCH_USER_PATHS = NO;
				CLANG_ANALYZER_NONNULL = YES;
				CLANG_ANALYZER_NUMBER_OBJECT_CONVERSION = YES_AGGRESSIVE;
				CLANG_CXX_LANGUAGE_STANDARD = "gnu++20";
				CLANG_ENABLE_MODULES = YES;
				CLANG_ENABLE_OBJC_ARC = YES;
				CLANG_ENABLE_OBJC_WEAK = YES;
				CLANG_WARN_BLOCK_CAPTURE_AUTORELEASING = YES;
				CLANG_WARN_BOOL_CONVERSION = YES;
				CLANG_WARN_COMMA = YES;
				CLANG_WARN_CONSTANT_CONVERSION = YES;
				CLANG_WARN_DEPRECATED_OBJC_IMPLEMENTATIONS = YES;
				CLANG_WARN_DIRECT_OBJC_ISA_USAGE = YES_ERROR;
				CLANG_WARN_DOCUMENTATION_COMMENTS = YES;
				CLANG_WARN_EMPTY_BODY = YES;
				CLANG_WARN_ENUM_CONVERSION = YES;
				CLANG_WARN_INFINITE_RECURSION = YES;
				CLANG_WARN_INT_CONVERSION = YES;
				CLANG_WARN_NON_LITERAL_NULL_CONVERSION = YES;
				CLANG_WARN_OBJC_IMPLICIT_RETAIN_SELF = YES;
				CLANG_WARN_OBJC_LITERAL_CONVERSION = YES;
				CLANG_WARN_OBJC_ROOT_CLASS = YES_ERROR;
				CLANG_WARN_QUOTED_INCLUDE_IN_FRAMEWORK_HEADER = YES;
				CLANG_WARN_RANGE_LOOP_ANALYSIS = YES;
				CLANG_WARN_STRICT_PROTOTYPES = YES;
				CLANG_WARN_SUSPICIOUS_MOVE = YES;
				CLANG_WARN_UNGUARDED_AVAILABILITY = YES_AGGRESSIVE;
				CLANG_WARN_UNREACHABLE_CODE = YES;
				CLANG_WARN__DUPLICATE_METHOD_MATCH = YES;
				COPY_PHASE_STRIP = NO;
				DEBUG_INFORMATION_FORMAT = dwarf;
				ENABLE_STRICT_OBJC_MSGSEND = YES;
				ENABLE_TESTABILITY = YES;
				GCC_C_LANGUAGE_STANDARD = gnu11;
				GCC_DYNAMIC_NO_PIC = NO;
				GCC_NO_COMMON_BLOCKS = YES;
				GCC_OPTIMIZATION_LEVEL = 0;
				GCC_PREPROCESSOR_DEFINITIONS = (
					"DEBUG=1",
					"$(inherited)",
				);
				GCC_WARN_64_TO_32_BIT_CONVERSION = YES;
				GCC_WARN_ABOUT_RETURN_TYPE = YES_ERROR;
				GCC_WARN_UNDECLARED_SELECTOR = YES;
				GCC_WARN_UNINITIALIZED_AUTOS = YES_AGGRESSIVE;
				GCC_WARN_UNUSED_FUNCTION = YES;
				GCC_WARN_UNUSED_VARIABLE = YES;
				IPHONEOS_DEPLOYMENT_TARGET = 16.4;
				MTL_ENABLE_DEBUG_INFO = INCLUDE_SOURCE;
				MTL_FAST_MATH = YES;
				ONLY_ACTIVE_ARCH = YES;
				SDKROOT = iphoneos;
				SWIFT_ACTIVE_COMPILATION_CONDITIONS = DEBUG;
				SWIFT_OPTIMIZATION_LEVEL = "-Onone";
			};
			name = Debug;
		};
		E4B1E7672BF7497900ECADFA /* Release */ = {
			isa = XCBuildConfiguration;
			buildSettings = {
				ALWAYS_SEARCH_USER_PATHS = NO;
				CLANG_ANALYZER_NONNULL = YES;
				CLANG_ANALYZER_NUMBER_OBJECT_CONVERSION = YES_AGGRESSIVE;
				CLANG_CXX_LANGUAGE_STANDARD = "gnu++20";
				CLANG_ENABLE_MODULES = YES;
				CLANG_ENABLE_OBJC_ARC = YES;
				CLANG_ENABLE_OBJC_WEAK = YES;
				CLANG_WARN_BLOCK_CAPTURE_AUTORELEASING = YES;
				CLANG_WARN_BOOL_CONVERSION = YES;
				CLANG_WARN_COMMA = YES;
				CLANG_WARN_CONSTANT_CONVERSION = YES;
				CLANG_WARN_DEPRECATED_OBJC_IMPLEMENTATIONS = YES;
				CLANG_WARN_DIRECT_OBJC_ISA_USAGE = YES_ERROR;
				CLANG_WARN_DOCUMENTATION_COMMENTS = YES;
				CLANG_WARN_EMPTY_BODY = YES;
				CLANG_WARN_ENUM_CONVERSION = YES;
				CLANG_WARN_INFINITE_RECURSION = YES;
				CLANG_WARN_INT_CONVERSION = YES;
				CLANG_WARN_NON_LITERAL_NULL_CONVERSION = YES;
				CLANG_WARN_OBJC_IMPLICIT_RETAIN_SELF = YES;
				CLANG_WARN_OBJC_LITERAL_CONVERSION = YES;
				CLANG_WARN_OBJC_ROOT_CLASS = YES_ERROR;
				CLANG_WARN_QUOTED_INCLUDE_IN_FRAMEWORK_HEADER = YES;
				CLANG_WARN_RANGE_LOOP_ANALYSIS = YES;
				CLANG_WARN_STRICT_PROTOTYPES = YES;
				CLANG_WARN_SUSPICIOUS_MOVE = YES;
				CLANG_WARN_UNGUARDED_AVAILABILITY = YES_AGGRESSIVE;
				CLANG_WARN_UNREACHABLE_CODE = YES;
				CLANG_WARN__DUPLICATE_METHOD_MATCH = YES;
				COPY_PHASE_STRIP = NO;
				DEBUG_INFORMATION_FORMAT = "dwarf-with-dsym";
				ENABLE_NS_ASSERTIONS = NO;
				ENABLE_STRICT_OBJC_MSGSEND = YES;
				GCC_C_LANGUAGE_STANDARD = gnu11;
				GCC_NO_COMMON_BLOCKS = YES;
				GCC_WARN_64_TO_32_BIT_CONVERSION = YES;
				GCC_WARN_ABOUT_RETURN_TYPE = YES_ERROR;
				GCC_WARN_UNDECLARED_SELECTOR = YES;
				GCC_WARN_UNINITIALIZED_AUTOS = YES_AGGRESSIVE;
				GCC_WARN_UNUSED_FUNCTION = YES;
				GCC_WARN_UNUSED_VARIABLE = YES;
				IPHONEOS_DEPLOYMENT_TARGET = 16.4;
				MTL_ENABLE_DEBUG_INFO = NO;
				MTL_FAST_MATH = YES;
				SDKROOT = iphoneos;
				SWIFT_COMPILATION_MODE = wholemodule;
				SWIFT_OPTIMIZATION_LEVEL = "-O";
				VALIDATE_PRODUCT = YES;
			};
			name = Release;
		};
		E4B1E7692BF7497900ECADFA /* Debug */ = {
			isa = XCBuildConfiguration;
			buildSettings = {
				ASSETCATALOG_COMPILER_APPICON_NAME = AppIcon;
				ASSETCATALOG_COMPILER_GLOBAL_ACCENT_COLOR_NAME = AccentColor;
				CODE_SIGN_ENTITLEMENTS = SejongHackathon/SejongHackathon.entitlements;
				CODE_SIGN_STYLE = Automatic;
				CURRENT_PROJECT_VERSION = 1;
				DEVELOPMENT_TEAM = Q653PU93R6;
				GENERATE_INFOPLIST_FILE = YES;
				INFOPLIST_FILE = SejongHackathon/Info.plist;
				INFOPLIST_KEY_UIApplicationSupportsIndirectInputEvents = YES;
				INFOPLIST_KEY_UILaunchStoryboardName = LaunchScreen;
				INFOPLIST_KEY_UISupportedInterfaceOrientations_iPad = "UIInterfaceOrientationPortrait UIInterfaceOrientationPortraitUpsideDown UIInterfaceOrientationLandscapeLeft UIInterfaceOrientationLandscapeRight";
				INFOPLIST_KEY_UISupportedInterfaceOrientations_iPhone = "UIInterfaceOrientationPortrait UIInterfaceOrientationLandscapeLeft UIInterfaceOrientationLandscapeRight";
				INFOPLIST_KEY_UIUserInterfaceStyle = Light;
				LD_RUNPATH_SEARCH_PATHS = (
					"$(inherited)",
					"@executable_path/Frameworks",
				);
				MARKETING_VERSION = 1.0;
				PRODUCT_BUNDLE_IDENTIFIER = WEDLE.SejongHackathon;
				PRODUCT_NAME = "$(TARGET_NAME)";
				SWIFT_EMIT_LOC_STRINGS = YES;
				SWIFT_VERSION = 5.0;
				TARGETED_DEVICE_FAMILY = "1,2";
			};
			name = Debug;
		};
		E4B1E76A2BF7497900ECADFA /* Release */ = {
			isa = XCBuildConfiguration;
			buildSettings = {
				ASSETCATALOG_COMPILER_APPICON_NAME = AppIcon;
				ASSETCATALOG_COMPILER_GLOBAL_ACCENT_COLOR_NAME = AccentColor;
				CODE_SIGN_ENTITLEMENTS = SejongHackathon/SejongHackathon.entitlements;
				CODE_SIGN_STYLE = Automatic;
				CURRENT_PROJECT_VERSION = 1;
				DEVELOPMENT_TEAM = Q653PU93R6;
				GENERATE_INFOPLIST_FILE = YES;
				INFOPLIST_FILE = SejongHackathon/Info.plist;
				INFOPLIST_KEY_UIApplicationSupportsIndirectInputEvents = YES;
				INFOPLIST_KEY_UILaunchStoryboardName = LaunchScreen;
				INFOPLIST_KEY_UISupportedInterfaceOrientations_iPad = "UIInterfaceOrientationPortrait UIInterfaceOrientationPortraitUpsideDown UIInterfaceOrientationLandscapeLeft UIInterfaceOrientationLandscapeRight";
				INFOPLIST_KEY_UISupportedInterfaceOrientations_iPhone = "UIInterfaceOrientationPortrait UIInterfaceOrientationLandscapeLeft UIInterfaceOrientationLandscapeRight";
				INFOPLIST_KEY_UIUserInterfaceStyle = Light;
				LD_RUNPATH_SEARCH_PATHS = (
					"$(inherited)",
					"@executable_path/Frameworks",
				);
				MARKETING_VERSION = 1.0;
				PRODUCT_BUNDLE_IDENTIFIER = WEDLE.SejongHackathon;
				PRODUCT_NAME = "$(TARGET_NAME)";
				SWIFT_EMIT_LOC_STRINGS = YES;
				SWIFT_VERSION = 5.0;
				TARGETED_DEVICE_FAMILY = "1,2";
			};
			name = Release;
		};
/* End XCBuildConfiguration section */

/* Begin XCConfigurationList section */
		E4B1E74F2BF7497700ECADFA /* Build configuration list for PBXProject "SejongHackathon" */ = {
			isa = XCConfigurationList;
			buildConfigurations = (
				E4B1E7662BF7497900ECADFA /* Debug */,
				E4B1E7672BF7497900ECADFA /* Release */,
			);
			defaultConfigurationIsVisible = 0;
			defaultConfigurationName = Release;
		};
		E4B1E7682BF7497900ECADFA /* Build configuration list for PBXNativeTarget "SejongHackathon" */ = {
			isa = XCConfigurationList;
			buildConfigurations = (
				E4B1E7692BF7497900ECADFA /* Debug */,
				E4B1E76A2BF7497900ECADFA /* Release */,
			);
			defaultConfigurationIsVisible = 0;
			defaultConfigurationName = Release;
		};
/* End XCConfigurationList section */
	};
	rootObject = E4B1E74C2BF7497700ECADFA /* Project object */;
}
