// !$*UTF8*$!
{
	archiveVersion = 1;
	classes = {
	};
	objectVersion = 56;
	objects = {

/* Begin PBXBuildFile section */
		E4B1E7582BF7497700ECADFA /* AppDelegate.swift in Sources */ = {isa = PBXBuildFile; fileRef = E4B1E7572BF7497700ECADFA /* AppDelegate.swift */; };
		E4B1E75A2BF7497700ECADFA /* SceneDelegate.swift in Sources */ = {isa = PBXBuildFile; fileRef = E4B1E7592BF7497700ECADFA /* SceneDelegate.swift */; };
		E4B1E75C2BF7497700ECADFA /* HomeViewController.swift in Sources */ = {isa = PBXBuildFile; fileRef = E4B1E75B2BF7497700ECADFA /* HomeViewController.swift */; };
		E4B1E75F2BF7497700ECADFA /* Main.storyboard in Resources */ = {isa = PBXBuildFile; fileRef = E4B1E75D2BF7497700ECADFA /* Main.storyboard */; };
		E4B1E7612BF7497900ECADFA /* Assets.xcassets in Resources */ = {isa = PBXBuildFile; fileRef = E4B1E7602BF7497900ECADFA /* Assets.xcassets */; };
		E4B1E7642BF7497900ECADFA /* LaunchScreen.storyboard in Resources */ = {isa = PBXBuildFile; fileRef = E4B1E7622BF7497900ECADFA /* LaunchScreen.storyboard */; };
		E4B1E7782BF74B7100ECADFA /* LoginNetwork.swift in Sources */ = {isa = PBXBuildFile; fileRef = E4B1E7742BF74B7100ECADFA /* LoginNetwork.swift */; };
		E4B1E7792BF74B7100ECADFA /* Network.swift in Sources */ = {isa = PBXBuildFile; fileRef = E4B1E7752BF74B7100ECADFA /* Network.swift */; };
		E4B1E77A2BF74B7100ECADFA /* NetworkProvider.swift in Sources */ = {isa = PBXBuildFile; fileRef = E4B1E7762BF74B7100ECADFA /* NetworkProvider.swift */; };
		E4B1E77B2BF74B7100ECADFA /* URL.swift in Sources */ = {isa = PBXBuildFile; fileRef = E4B1E7772BF74B7100ECADFA /* URL.swift */; };
		E4B1E7852BF74B7B00ECADFA /* LoginRequestModel.swift in Sources */ = {isa = PBXBuildFile; fileRef = E4B1E7822BF74B7B00ECADFA /* LoginRequestModel.swift */; };
		E4B1E7882BF74BA900ECADFA /* Alamofire in Frameworks */ = {isa = PBXBuildFile; productRef = E4B1E7872BF74BA900ECADFA /* Alamofire */; };
		E4B1E78B2BF74BB200ECADFA /* Kingfisher in Frameworks */ = {isa = PBXBuildFile; productRef = E4B1E78A2BF74BB200ECADFA /* Kingfisher */; };
		E4B1E78E2BF74BC400ECADFA /* RxAlamofire in Frameworks */ = {isa = PBXBuildFile; productRef = E4B1E78D2BF74BC400ECADFA /* RxAlamofire */; };
		E4B1E7912BF74BD200ECADFA /* RxCocoa in Frameworks */ = {isa = PBXBuildFile; productRef = E4B1E7902BF74BD200ECADFA /* RxCocoa */; };
		E4B1E7932BF74BD200ECADFA /* RxRelay in Frameworks */ = {isa = PBXBuildFile; productRef = E4B1E7922BF74BD200ECADFA /* RxRelay */; };
		E4B1E7952BF74BD300ECADFA /* RxSwift in Frameworks */ = {isa = PBXBuildFile; productRef = E4B1E7942BF74BD300ECADFA /* RxSwift */; };
		E4B1E7982BF74BDE00ECADFA /* SnapKit in Frameworks */ = {isa = PBXBuildFile; productRef = E4B1E7972BF74BDE00ECADFA /* SnapKit */; };
		E4B1E79B2BF74BED00ECADFA /* SwiftKeychainWrapper in Frameworks */ = {isa = PBXBuildFile; productRef = E4B1E79A2BF74BED00ECADFA /* SwiftKeychainWrapper */; };
		E4B1E79D2BF74C0900ECADFA /* LoginResponseModel.swift in Sources */ = {isa = PBXBuildFile; fileRef = E4B1E79C2BF74C0900ECADFA /* LoginResponseModel.swift */; };
		E4B1E7A12BF74C3900ECADFA /* LoginViewModel.swift in Sources */ = {isa = PBXBuildFile; fileRef = E4B1E79F2BF74C3900ECADFA /* LoginViewModel.swift */; };
		E4B1E7A22BF74C3900ECADFA /* LoginViewController.swift in Sources */ = {isa = PBXBuildFile; fileRef = E4B1E7A02BF74C3900ECADFA /* LoginViewController.swift */; };
		E4B1E7AB2BF74D1100ECADFA /* SejongHackathonUnitTests.swift in Sources */ = {isa = PBXBuildFile; fileRef = E4B1E7AA2BF74D1100ECADFA /* SejongHackathonUnitTests.swift */; };
		E4B1E7B82BF74D1500ECADFA /* SejongHackathonUITests.swift in Sources */ = {isa = PBXBuildFile; fileRef = E4B1E7B72BF74D1500ECADFA /* SejongHackathonUITests.swift */; };
		E4B1E7BA2BF74D1500ECADFA /* SejongHackathonUITestsLaunchTests.swift in Sources */ = {isa = PBXBuildFile; fileRef = E4B1E7B92BF74D1500ECADFA /* SejongHackathonUITestsLaunchTests.swift */; };
		E4B1E7C32BF74DAA00ECADFA /* DocumentViewController.swift in Sources */ = {isa = PBXBuildFile; fileRef = E4B1E7C22BF74DAA00ECADFA /* DocumentViewController.swift */; };
		E4B1E7C52BF74DCC00ECADFA /* DocumentViewModel.swift in Sources */ = {isa = PBXBuildFile; fileRef = E4B1E7C42BF74DCC00ECADFA /* DocumentViewModel.swift */; };
		E4B421522BF75B860040D4CB /* CareerNetwork.swift in Sources */ = {isa = PBXBuildFile; fileRef = E4B421512BF75B860040D4CB /* CareerNetwork.swift */; };
		E4B421572BF75D710040D4CB /* CareerServerRequestModel.swift in Sources */ = {isa = PBXBuildFile; fileRef = E4B421562BF75D710040D4CB /* CareerServerRequestModel.swift */; };
		E4B421592BF75D7C0040D4CB /* CareerResponseModel.swift in Sources */ = {isa = PBXBuildFile; fileRef = E4B421582BF75D7C0040D4CB /* CareerResponseModel.swift */; };
		E4B4215C2BF75E6C0040D4CB /* CareerViewController.swift in Sources */ = {isa = PBXBuildFile; fileRef = E4B4215B2BF75E6C0040D4CB /* CareerViewController.swift */; };
		E4B4215E2BF75E730040D4CB /* CareerViewModel.swift in Sources */ = {isa = PBXBuildFile; fileRef = E4B4215D2BF75E730040D4CB /* CareerViewModel.swift */; };
		E4B421612BF7665E0040D4CB /* APIKEY.swift in Sources */ = {isa = PBXBuildFile; fileRef = E4B421602BF7665E0040D4CB /* APIKEY.swift */; };
		E4B421632BF770DE0040D4CB /* CareerServerResponseModel.swift in Sources */ = {isa = PBXBuildFile; fileRef = E4B421622BF770DE0040D4CB /* CareerServerResponseModel.swift */; };
		E4B421652BF7715F0040D4CB /* CareerServerNetwork.swift in Sources */ = {isa = PBXBuildFile; fileRef = E4B421642BF7715F0040D4CB /* CareerServerNetwork.swift */; };
		E4B421692BF779390040D4CB /* Onboarding1.swift in Sources */ = {isa = PBXBuildFile; fileRef = E4B421682BF779390040D4CB /* Onboarding1.swift */; };
		E4B4216B2BF77C860040D4CB /* OnboardingStart.swift in Sources */ = {isa = PBXBuildFile; fileRef = E4B4216A2BF77C860040D4CB /* OnboardingStart.swift */; };
		E4B4216D2BF781AA0040D4CB /* QuestionFile.swift in Sources */ = {isa = PBXBuildFile; fileRef = E4B4216C2BF781AA0040D4CB /* QuestionFile.swift */; };
		E4B4216F2BF7890C0040D4CB /* Onboarding2.swift in Sources */ = {isa = PBXBuildFile; fileRef = E4B4216E2BF7890C0040D4CB /* Onboarding2.swift */; };
		E4B421722BF789C70040D4CB /* Onboarding3.swift in Sources */ = {isa = PBXBuildFile; fileRef = E4B421712BF789C70040D4CB /* Onboarding3.swift */; };
		E4B421772BF790AA0040D4CB /* OnboardingRequestModel.swift in Sources */ = {isa = PBXBuildFile; fileRef = E4B421762BF790AA0040D4CB /* OnboardingRequestModel.swift */; };
		E4B421792BF794540040D4CB /* Color.xcassets in Resources */ = {isa = PBXBuildFile; fileRef = E4B421782BF794540040D4CB /* Color.xcassets */; };
		E4B4217B2BF794720040D4CB /* Color + Extension.swift in Sources */ = {isa = PBXBuildFile; fileRef = E4B4217A2BF794720040D4CB /* Color + Extension.swift */; };
		E4B4217F2BF798D50040D4CB /* ResultViewController.swift in Sources */ = {isa = PBXBuildFile; fileRef = E4B4217E2BF798D50040D4CB /* ResultViewController.swift */; };
		E4B421812BF798DD0040D4CB /* ResultViewModel.swift in Sources */ = {isa = PBXBuildFile; fileRef = E4B421802BF798DD0040D4CB /* ResultViewModel.swift */; };
		E4B421842BF799C50040D4CB /* DGCharts in Frameworks */ = {isa = PBXBuildFile; productRef = E4B421832BF799C50040D4CB /* DGCharts */; };
/* End PBXBuildFile section */

/* Begin PBXContainerItemProxy section */
		E4B1E7AC2BF74D1100ECADFA /* PBXContainerItemProxy */ = {
			isa = PBXContainerItemProxy;
			containerPortal = E4B1E74C2BF7497700ECADFA /* Project object */;
			proxyType = 1;
			remoteGlobalIDString = E4B1E7532BF7497700ECADFA;
			remoteInfo = SejongHackathon;
		};
		E4B1E7BB2BF74D1500ECADFA /* PBXContainerItemProxy */ = {
			isa = PBXContainerItemProxy;
			containerPortal = E4B1E74C2BF7497700ECADFA /* Project object */;
			proxyType = 1;
			remoteGlobalIDString = E4B1E7532BF7497700ECADFA;
			remoteInfo = SejongHackathon;
		};
/* End PBXContainerItemProxy section */

/* Begin PBXFileReference section */
		E4B1E7542BF7497700ECADFA /* SejongHackathon.app */ = {isa = PBXFileReference; explicitFileType = wrapper.application; includeInIndex = 0; path = SejongHackathon.app; sourceTree = BUILT_PRODUCTS_DIR; };
		E4B1E7572BF7497700ECADFA /* AppDelegate.swift */ = {isa = PBXFileReference; lastKnownFileType = sourcecode.swift; path = AppDelegate.swift; sourceTree = "<group>"; };
		E4B1E7592BF7497700ECADFA /* SceneDelegate.swift */ = {isa = PBXFileReference; lastKnownFileType = sourcecode.swift; path = SceneDelegate.swift; sourceTree = "<group>"; };
		E4B1E75B2BF7497700ECADFA /* HomeViewController.swift */ = {isa = PBXFileReference; lastKnownFileType = sourcecode.swift; path = HomeViewController.swift; sourceTree = "<group>"; };
		E4B1E75E2BF7497700ECADFA /* Base */ = {isa = PBXFileReference; lastKnownFileType = file.storyboard; name = Base; path = Base.lproj/Main.storyboard; sourceTree = "<group>"; };
		E4B1E7602BF7497900ECADFA /* Assets.xcassets */ = {isa = PBXFileReference; lastKnownFileType = folder.assetcatalog; path = Assets.xcassets; sourceTree = "<group>"; };
		E4B1E7632BF7497900ECADFA /* Base */ = {isa = PBXFileReference; lastKnownFileType = file.storyboard; name = Base; path = Base.lproj/LaunchScreen.storyboard; sourceTree = "<group>"; };
		E4B1E7652BF7497900ECADFA /* Info.plist */ = {isa = PBXFileReference; lastKnownFileType = text.plist.xml; path = Info.plist; sourceTree = "<group>"; };
		E4B1E7712BF749D400ECADFA /* SejongHackathon.entitlements */ = {isa = PBXFileReference; lastKnownFileType = text.plist.entitlements; path = SejongHackathon.entitlements; sourceTree = "<group>"; };
		E4B1E7742BF74B7100ECADFA /* LoginNetwork.swift */ = {isa = PBXFileReference; fileEncoding = 4; lastKnownFileType = sourcecode.swift; path = LoginNetwork.swift; sourceTree = "<group>"; };
		E4B1E7752BF74B7100ECADFA /* Network.swift */ = {isa = PBXFileReference; fileEncoding = 4; lastKnownFileType = sourcecode.swift; path = Network.swift; sourceTree = "<group>"; };
		E4B1E7762BF74B7100ECADFA /* NetworkProvider.swift */ = {isa = PBXFileReference; fileEncoding = 4; lastKnownFileType = sourcecode.swift; path = NetworkProvider.swift; sourceTree = "<group>"; };
		E4B1E7772BF74B7100ECADFA /* URL.swift */ = {isa = PBXFileReference; fileEncoding = 4; lastKnownFileType = sourcecode.swift; path = URL.swift; sourceTree = "<group>"; };
		E4B1E7822BF74B7B00ECADFA /* LoginRequestModel.swift */ = {isa = PBXFileReference; fileEncoding = 4; lastKnownFileType = sourcecode.swift; path = LoginRequestModel.swift; sourceTree = "<group>"; };
		E4B1E79C2BF74C0900ECADFA /* LoginResponseModel.swift */ = {isa = PBXFileReference; lastKnownFileType = sourcecode.swift; path = LoginResponseModel.swift; sourceTree = "<group>"; };
		E4B1E79F2BF74C3900ECADFA /* LoginViewModel.swift */ = {isa = PBXFileReference; fileEncoding = 4; lastKnownFileType = sourcecode.swift; path = LoginViewModel.swift; sourceTree = "<group>"; };
		E4B1E7A02BF74C3900ECADFA /* LoginViewController.swift */ = {isa = PBXFileReference; fileEncoding = 4; lastKnownFileType = sourcecode.swift; path = LoginViewController.swift; sourceTree = "<group>"; };
		E4B1E7A82BF74D1100ECADFA /* SejongHackathonUnitTests.xctest */ = {isa = PBXFileReference; explicitFileType = wrapper.cfbundle; includeInIndex = 0; path = SejongHackathonUnitTests.xctest; sourceTree = BUILT_PRODUCTS_DIR; };
		E4B1E7AA2BF74D1100ECADFA /* SejongHackathonUnitTests.swift */ = {isa = PBXFileReference; lastKnownFileType = sourcecode.swift; path = SejongHackathonUnitTests.swift; sourceTree = "<group>"; };
		E4B1E7B52BF74D1500ECADFA /* SejongHackathonUITests.xctest */ = {isa = PBXFileReference; explicitFileType = wrapper.cfbundle; includeInIndex = 0; path = SejongHackathonUITests.xctest; sourceTree = BUILT_PRODUCTS_DIR; };
		E4B1E7B72BF74D1500ECADFA /* SejongHackathonUITests.swift */ = {isa = PBXFileReference; lastKnownFileType = sourcecode.swift; path = SejongHackathonUITests.swift; sourceTree = "<group>"; };
		E4B1E7B92BF74D1500ECADFA /* SejongHackathonUITestsLaunchTests.swift */ = {isa = PBXFileReference; lastKnownFileType = sourcecode.swift; path = SejongHackathonUITestsLaunchTests.swift; sourceTree = "<group>"; };
		E4B1E7C22BF74DAA00ECADFA /* DocumentViewController.swift */ = {isa = PBXFileReference; fileEncoding = 4; lastKnownFileType = sourcecode.swift; path = DocumentViewController.swift; sourceTree = "<group>"; };
		E4B1E7C42BF74DCC00ECADFA /* DocumentViewModel.swift */ = {isa = PBXFileReference; fileEncoding = 4; lastKnownFileType = sourcecode.swift; path = DocumentViewModel.swift; sourceTree = "<group>"; };
		E4B421512BF75B860040D4CB /* CareerNetwork.swift */ = {isa = PBXFileReference; lastKnownFileType = sourcecode.swift; path = CareerNetwork.swift; sourceTree = "<group>"; };
		E4B421562BF75D710040D4CB /* CareerServerRequestModel.swift */ = {isa = PBXFileReference; lastKnownFileType = sourcecode.swift; path = CareerServerRequestModel.swift; sourceTree = "<group>"; };
		E4B421582BF75D7C0040D4CB /* CareerResponseModel.swift */ = {isa = PBXFileReference; lastKnownFileType = sourcecode.swift; path = CareerResponseModel.swift; sourceTree = "<group>"; };
		E4B4215B2BF75E6C0040D4CB /* CareerViewController.swift */ = {isa = PBXFileReference; lastKnownFileType = sourcecode.swift; path = CareerViewController.swift; sourceTree = "<group>"; };
		E4B4215D2BF75E730040D4CB /* CareerViewModel.swift */ = {isa = PBXFileReference; lastKnownFileType = sourcecode.swift; path = CareerViewModel.swift; sourceTree = "<group>"; };
		E4B421602BF7665E0040D4CB /* APIKEY.swift */ = {isa = PBXFileReference; lastKnownFileType = sourcecode.swift; path = APIKEY.swift; sourceTree = "<group>"; };
		E4B421622BF770DE0040D4CB /* CareerServerResponseModel.swift */ = {isa = PBXFileReference; lastKnownFileType = sourcecode.swift; path = CareerServerResponseModel.swift; sourceTree = "<group>"; };
		E4B421642BF7715F0040D4CB /* CareerServerNetwork.swift */ = {isa = PBXFileReference; lastKnownFileType = sourcecode.swift; path = CareerServerNetwork.swift; sourceTree = "<group>"; };
		E4B421682BF779390040D4CB /* Onboarding1.swift */ = {isa = PBXFileReference; lastKnownFileType = sourcecode.swift; path = Onboarding1.swift; sourceTree = "<group>"; };
		E4B4216A2BF77C860040D4CB /* OnboardingStart.swift */ = {isa = PBXFileReference; lastKnownFileType = sourcecode.swift; path = OnboardingStart.swift; sourceTree = "<group>"; };
		E4B4216C2BF781AA0040D4CB /* QuestionFile.swift */ = {isa = PBXFileReference; lastKnownFileType = sourcecode.swift; path = QuestionFile.swift; sourceTree = "<group>"; };
		E4B4216E2BF7890C0040D4CB /* Onboarding2.swift */ = {isa = PBXFileReference; lastKnownFileType = sourcecode.swift; path = Onboarding2.swift; sourceTree = "<group>"; };
		E4B421712BF789C70040D4CB /* Onboarding3.swift */ = {isa = PBXFileReference; lastKnownFileType = sourcecode.swift; path = Onboarding3.swift; sourceTree = "<group>"; };
		E4B421762BF790AA0040D4CB /* OnboardingRequestModel.swift */ = {isa = PBXFileReference; lastKnownFileType = sourcecode.swift; path = OnboardingRequestModel.swift; sourceTree = "<group>"; };
		E4B421782BF794540040D4CB /* Color.xcassets */ = {isa = PBXFileReference; lastKnownFileType = folder.assetcatalog; path = Color.xcassets; sourceTree = "<group>"; };
		E4B4217A2BF794720040D4CB /* Color + Extension.swift */ = {isa = PBXFileReference; lastKnownFileType = sourcecode.swift; path = "Color + Extension.swift"; sourceTree = "<group>"; };
		E4B4217E2BF798D50040D4CB /* ResultViewController.swift */ = {isa = PBXFileReference; lastKnownFileType = sourcecode.swift; path = ResultViewController.swift; sourceTree = "<group>"; };
		E4B421802BF798DD0040D4CB /* ResultViewModel.swift */ = {isa = PBXFileReference; lastKnownFileType = sourcecode.swift; path = ResultViewModel.swift; sourceTree = "<group>"; };
/* End PBXFileReference section */

/* Begin PBXFrameworksBuildPhase section */
		E4B1E7512BF7497700ECADFA /* Frameworks */ = {
			isa = PBXFrameworksBuildPhase;
			buildActionMask = 2147483647;
			files = (
				E4B1E7952BF74BD300ECADFA /* RxSwift in Frameworks */,
				E4B1E7932BF74BD200ECADFA /* RxRelay in Frameworks */,
				E4B1E78E2BF74BC400ECADFA /* RxAlamofire in Frameworks */,
				E4B1E7982BF74BDE00ECADFA /* SnapKit in Frameworks */,
				E4B1E78B2BF74BB200ECADFA /* Kingfisher in Frameworks */,
				E4B1E7912BF74BD200ECADFA /* RxCocoa in Frameworks */,
				E4B1E79B2BF74BED00ECADFA /* SwiftKeychainWrapper in Frameworks */,
				E4B421842BF799C50040D4CB /* DGCharts in Frameworks */,
				E4B1E7882BF74BA900ECADFA /* Alamofire in Frameworks */,
			);
			runOnlyForDeploymentPostprocessing = 0;
		};
		E4B1E7A52BF74D1100ECADFA /* Frameworks */ = {
			isa = PBXFrameworksBuildPhase;
			buildActionMask = 2147483647;
			files = (
			);
			runOnlyForDeploymentPostprocessing = 0;
		};
		E4B1E7B22BF74D1500ECADFA /* Frameworks */ = {
			isa = PBXFrameworksBuildPhase;
			buildActionMask = 2147483647;
			files = (
			);
			runOnlyForDeploymentPostprocessing = 0;
		};
/* End PBXFrameworksBuildPhase section */

/* Begin PBXGroup section */
		E4B1E74B2BF7497700ECADFA = {
			isa = PBXGroup;
			children = (
				E4B1E7562BF7497700ECADFA /* SejongHackathon */,
				E4B1E7A92BF74D1100ECADFA /* SejongHackathonUnitTests */,
				E4B1E7B62BF74D1500ECADFA /* SejongHackathonUITests */,
				E4B1E7552BF7497700ECADFA /* Products */,
			);
			sourceTree = "<group>";
		};
		E4B1E7552BF7497700ECADFA /* Products */ = {
			isa = PBXGroup;
			children = (
				E4B1E7542BF7497700ECADFA /* SejongHackathon.app */,
				E4B1E7A82BF74D1100ECADFA /* SejongHackathonUnitTests.xctest */,
				E4B1E7B52BF74D1500ECADFA /* SejongHackathonUITests.xctest */,
			);
			name = Products;
			sourceTree = "<group>";
		};
		E4B1E7562BF7497700ECADFA /* SejongHackathon */ = {
			isa = PBXGroup;
			children = (
				E4B1E7712BF749D400ECADFA /* SejongHackathon.entitlements */,
				E4B1E7652BF7497900ECADFA /* Info.plist */,
				E4B4215F2BF766560040D4CB /* Core */,
				E4B1E7722BF74B7100ECADFA /* Network */,
				E4B1E77C2BF74B7B00ECADFA /* Entity */,
				E4B1E76F2BF7499400ECADFA /* Feat */,
				E4B1E76C2BF7498300ECADFA /* App */,
				E4B1E75D2BF7497700ECADFA /* Main.storyboard */,
			);
			path = SejongHackathon;
			sourceTree = "<group>";
		};
		E4B1E76C2BF7498300ECADFA /* App */ = {
			isa = PBXGroup;
			children = (
				E4B1E7622BF7497900ECADFA /* LaunchScreen.storyboard */,
				E4B1E7602BF7497900ECADFA /* Assets.xcassets */,
				E4B421782BF794540040D4CB /* Color.xcassets */,
				E4B1E76D2BF7498700ECADFA /* Delegate */,
			);
			path = App;
			sourceTree = "<group>";
		};
		E4B1E76D2BF7498700ECADFA /* Delegate */ = {
			isa = PBXGroup;
			children = (
				E4B1E7592BF7497700ECADFA /* SceneDelegate.swift */,
				E4B1E7572BF7497700ECADFA /* AppDelegate.swift */,
			);
			path = Delegate;
			sourceTree = "<group>";
		};
		E4B1E76F2BF7499400ECADFA /* Feat */ = {
			isa = PBXGroup;
			children = (
				E4B4217D2BF798CD0040D4CB /* Result */,
				E4B421672BF7792C0040D4CB /* Onboarding */,
				E4B4215A2BF75E620040D4CB /* Career */,
				E4B1E7C12BF74D9900ECADFA /* Document */,
				E4B1E7A32BF74CEB00ECADFA /* Home */,
				E4B1E79E2BF74C3900ECADFA /* Auth */,
			);
			path = Feat;
			sourceTree = "<group>";
		};
		E4B1E7722BF74B7100ECADFA /* Network */ = {
			isa = PBXGroup;
			children = (
				E4B1E7772BF74B7100ECADFA /* URL.swift */,
				E4B1E7752BF74B7100ECADFA /* Network.swift */,
				E4B1E7762BF74B7100ECADFA /* NetworkProvider.swift */,
				E4B421502BF75B650040D4CB /* Career */,
				E4B1E7732BF74B7100ECADFA /* Auth */,
			);
			path = Network;
			sourceTree = "<group>";
		};
		E4B1E7732BF74B7100ECADFA /* Auth */ = {
			isa = PBXGroup;
			children = (
				E4B1E7742BF74B7100ECADFA /* LoginNetwork.swift */,
			);
			path = Auth;
			sourceTree = "<group>";
		};
		E4B1E77C2BF74B7B00ECADFA /* Entity */ = {
			isa = PBXGroup;
			children = (
				E4B421732BF7906F0040D4CB /* Onboarding */,
				E4B421532BF75D120040D4CB /* Career */,
				E4B1E77D2BF74B7B00ECADFA /* Auth */,
			);
			path = Entity;
			sourceTree = "<group>";
		};
		E4B1E77D2BF74B7B00ECADFA /* Auth */ = {
			isa = PBXGroup;
			children = (
				E4B1E77E2BF74B7B00ECADFA /* Response */,
				E4B1E7812BF74B7B00ECADFA /* Request */,
			);
			path = Auth;
			sourceTree = "<group>";
		};
		E4B1E77E2BF74B7B00ECADFA /* Response */ = {
			isa = PBXGroup;
			children = (
				E4B1E79C2BF74C0900ECADFA /* LoginResponseModel.swift */,
			);
			path = Response;
			sourceTree = "<group>";
		};
		E4B1E7812BF74B7B00ECADFA /* Request */ = {
			isa = PBXGroup;
			children = (
				E4B1E7822BF74B7B00ECADFA /* LoginRequestModel.swift */,
			);
			path = Request;
			sourceTree = "<group>";
		};
		E4B1E79E2BF74C3900ECADFA /* Auth */ = {
			isa = PBXGroup;
			children = (
				E4B1E79F2BF74C3900ECADFA /* LoginViewModel.swift */,
				E4B1E7A02BF74C3900ECADFA /* LoginViewController.swift */,
			);
			path = Auth;
			sourceTree = "<group>";
		};
		E4B1E7A32BF74CEB00ECADFA /* Home */ = {
			isa = PBXGroup;
			children = (
				E4B1E75B2BF7497700ECADFA /* HomeViewController.swift */,
			);
			path = Home;
			sourceTree = "<group>";
		};
		E4B1E7A92BF74D1100ECADFA /* SejongHackathonUnitTests */ = {
			isa = PBXGroup;
			children = (
				E4B1E7AA2BF74D1100ECADFA /* SejongHackathonUnitTests.swift */,
			);
			path = SejongHackathonUnitTests;
			sourceTree = "<group>";
		};
		E4B1E7B62BF74D1500ECADFA /* SejongHackathonUITests */ = {
			isa = PBXGroup;
			children = (
				E4B1E7B72BF74D1500ECADFA /* SejongHackathonUITests.swift */,
				E4B1E7B92BF74D1500ECADFA /* SejongHackathonUITestsLaunchTests.swift */,
			);
			path = SejongHackathonUITests;
			sourceTree = "<group>";
		};
		E4B1E7C12BF74D9900ECADFA /* Document */ = {
			isa = PBXGroup;
			children = (
				E4B1E7C22BF74DAA00ECADFA /* DocumentViewController.swift */,
				E4B1E7C42BF74DCC00ECADFA /* DocumentViewModel.swift */,
			);
			path = Document;
			sourceTree = "<group>";
		};
		E4B421502BF75B650040D4CB /* Career */ = {
			isa = PBXGroup;
			children = (
				E4B421512BF75B860040D4CB /* CareerNetwork.swift */,
				E4B421642BF7715F0040D4CB /* CareerServerNetwork.swift */,
			);
			path = Career;
			sourceTree = "<group>";
		};
		E4B421532BF75D120040D4CB /* Career */ = {
			isa = PBXGroup;
			children = (
				E4B421552BF75D1B0040D4CB /* Request */,
				E4B421542BF75D160040D4CB /* Response */,
			);
			path = Career;
			sourceTree = "<group>";
		};
		E4B421542BF75D160040D4CB /* Response */ = {
			isa = PBXGroup;
			children = (
				E4B421582BF75D7C0040D4CB /* CareerResponseModel.swift */,
				E4B421622BF770DE0040D4CB /* CareerServerResponseModel.swift */,
			);
			path = Response;
			sourceTree = "<group>";
		};
		E4B421552BF75D1B0040D4CB /* Request */ = {
			isa = PBXGroup;
			children = (
				E4B421562BF75D710040D4CB /* CareerServerRequestModel.swift */,
			);
			path = Request;
			sourceTree = "<group>";
		};
		E4B4215A2BF75E620040D4CB /* Career */ = {
			isa = PBXGroup;
			children = (
				E4B4215B2BF75E6C0040D4CB /* CareerViewController.swift */,
				E4B4215D2BF75E730040D4CB /* CareerViewModel.swift */,
			);
			path = Career;
			sourceTree = "<group>";
		};
		E4B4215F2BF766560040D4CB /* Core */ = {
			isa = PBXGroup;
			children = (
				E4B421602BF7665E0040D4CB /* APIKEY.swift */,
				E4B4216C2BF781AA0040D4CB /* QuestionFile.swift */,
				E4B4217A2BF794720040D4CB /* Color + Extension.swift */,
			);
			path = Core;
			sourceTree = "<group>";
		};
		E4B421672BF7792C0040D4CB /* Onboarding */ = {
			isa = PBXGroup;
			children = (
				E4B4216A2BF77C860040D4CB /* OnboardingStart.swift */,
				E4B421702BF7895E0040D4CB /* OnboardingList */,
			);
			path = Onboarding;
			sourceTree = "<group>";
		};
		E4B421702BF7895E0040D4CB /* OnboardingList */ = {
			isa = PBXGroup;
			children = (
				E4B421682BF779390040D4CB /* Onboarding1.swift */,
				E4B4216E2BF7890C0040D4CB /* Onboarding2.swift */,
				E4B421712BF789C70040D4CB /* Onboarding3.swift */,
			);
			path = OnboardingList;
			sourceTree = "<group>";
		};
		E4B421732BF7906F0040D4CB /* Onboarding */ = {
			isa = PBXGroup;
			children = (
				E4B421752BF790790040D4CB /* Request */,
				E4B421742BF790740040D4CB /* Response */,
			);
			path = Onboarding;
			sourceTree = "<group>";
		};
		E4B421742BF790740040D4CB /* Response */ = {
			isa = PBXGroup;
			children = (
			);
			path = Response;
			sourceTree = "<group>";
		};
		E4B421752BF790790040D4CB /* Request */ = {
			isa = PBXGroup;
			children = (
				E4B421762BF790AA0040D4CB /* OnboardingRequestModel.swift */,
			);
			path = Request;
			sourceTree = "<group>";
		};
		E4B4217D2BF798CD0040D4CB /* Result */ = {
			isa = PBXGroup;
			children = (
				E4B4217E2BF798D50040D4CB /* ResultViewController.swift */,
				E4B421802BF798DD0040D4CB /* ResultViewModel.swift */,
			);
			path = Result;
			sourceTree = "<group>";
		};
/* End PBXGroup section */

/* Begin PBXNativeTarget section */
		E4B1E7532BF7497700ECADFA /* SejongHackathon */ = {
			isa = PBXNativeTarget;
			buildConfigurationList = E4B1E7682BF7497900ECADFA /* Build configuration list for PBXNativeTarget "SejongHackathon" */;
			buildPhases = (
				E4B1E7502BF7497700ECADFA /* Sources */,
				E4B1E7512BF7497700ECADFA /* Frameworks */,
				E4B1E7522BF7497700ECADFA /* Resources */,
			);
			buildRules = (
			);
			dependencies = (
			);
			name = SejongHackathon;
			packageProductDependencies = (
				E4B1E7872BF74BA900ECADFA /* Alamofire */,
				E4B1E78A2BF74BB200ECADFA /* Kingfisher */,
				E4B1E78D2BF74BC400ECADFA /* RxAlamofire */,
				E4B1E7902BF74BD200ECADFA /* RxCocoa */,
				E4B1E7922BF74BD200ECADFA /* RxRelay */,
				E4B1E7942BF74BD300ECADFA /* RxSwift */,
				E4B1E7972BF74BDE00ECADFA /* SnapKit */,
				E4B1E79A2BF74BED00ECADFA /* SwiftKeychainWrapper */,
				E4B421832BF799C50040D4CB /* DGCharts */,
			);
			productName = SejongHackathon;
			productReference = E4B1E7542BF7497700ECADFA /* SejongHackathon.app */;
			productType = "com.apple.product-type.application";
		};
		E4B1E7A72BF74D1100ECADFA /* SejongHackathonUnitTests */ = {
			isa = PBXNativeTarget;
			buildConfigurationList = E4B1E7AE2BF74D1100ECADFA /* Build configuration list for PBXNativeTarget "SejongHackathonUnitTests" */;
			buildPhases = (
				E4B1E7A42BF74D1100ECADFA /* Sources */,
				E4B1E7A52BF74D1100ECADFA /* Frameworks */,
				E4B1E7A62BF74D1100ECADFA /* Resources */,
			);
			buildRules = (
			);
			dependencies = (
				E4B1E7AD2BF74D1100ECADFA /* PBXTargetDependency */,
			);
			name = SejongHackathonUnitTests;
			productName = SejongHackathonUnitTests;
			productReference = E4B1E7A82BF74D1100ECADFA /* SejongHackathonUnitTests.xctest */;
			productType = "com.apple.product-type.bundle.unit-test";
		};
		E4B1E7B42BF74D1500ECADFA /* SejongHackathonUITests */ = {
			isa = PBXNativeTarget;
			buildConfigurationList = E4B1E7BD2BF74D1500ECADFA /* Build configuration list for PBXNativeTarget "SejongHackathonUITests" */;
			buildPhases = (
				E4B1E7B12BF74D1500ECADFA /* Sources */,
				E4B1E7B22BF74D1500ECADFA /* Frameworks */,
				E4B1E7B32BF74D1500ECADFA /* Resources */,
			);
			buildRules = (
			);
			dependencies = (
				E4B1E7BC2BF74D1500ECADFA /* PBXTargetDependency */,
			);
			name = SejongHackathonUITests;
			productName = SejongHackathonUITests;
			productReference = E4B1E7B52BF74D1500ECADFA /* SejongHackathonUITests.xctest */;
			productType = "com.apple.product-type.bundle.ui-testing";
		};
/* End PBXNativeTarget section */

/* Begin PBXProject section */
		E4B1E74C2BF7497700ECADFA /* Project object */ = {
			isa = PBXProject;
			attributes = {
				BuildIndependentTargetsInParallel = 1;
				LastSwiftUpdateCheck = 1430;
				LastUpgradeCheck = 1430;
				TargetAttributes = {
					E4B1E7532BF7497700ECADFA = {
						CreatedOnToolsVersion = 14.3.1;
					};
					E4B1E7A72BF74D1100ECADFA = {
						CreatedOnToolsVersion = 14.3.1;
						TestTargetID = E4B1E7532BF7497700ECADFA;
					};
					E4B1E7B42BF74D1500ECADFA = {
						CreatedOnToolsVersion = 14.3.1;
						TestTargetID = E4B1E7532BF7497700ECADFA;
					};
				};
			};
			buildConfigurationList = E4B1E74F2BF7497700ECADFA /* Build configuration list for PBXProject "SejongHackathon" */;
			compatibilityVersion = "Xcode 14.0";
			developmentRegion = en;
			hasScannedForEncodings = 0;
			knownRegions = (
				en,
				Base,
			);
			mainGroup = E4B1E74B2BF7497700ECADFA;
			packageReferences = (
				E4B1E7862BF74BA900ECADFA /* XCRemoteSwiftPackageReference "Alamofire" */,
				E4B1E7892BF74BB200ECADFA /* XCRemoteSwiftPackageReference "Kingfisher" */,
				E4B1E78C2BF74BC400ECADFA /* XCRemoteSwiftPackageReference "RxAlamofire" */,
				E4B1E78F2BF74BD200ECADFA /* XCRemoteSwiftPackageReference "RxSwift" */,
				E4B1E7962BF74BDE00ECADFA /* XCRemoteSwiftPackageReference "SnapKit" */,
				E4B1E7992BF74BED00ECADFA /* XCRemoteSwiftPackageReference "SwiftKeychainWrapper" */,
				E4B421822BF799C50040D4CB /* XCRemoteSwiftPackageReference "Charts" */,
			);
			productRefGroup = E4B1E7552BF7497700ECADFA /* Products */;
			projectDirPath = "";
			projectRoot = "";
			targets = (
				E4B1E7532BF7497700ECADFA /* SejongHackathon */,
				E4B1E7A72BF74D1100ECADFA /* SejongHackathonUnitTests */,
				E4B1E7B42BF74D1500ECADFA /* SejongHackathonUITests */,
			);
		};
/* End PBXProject section */

/* Begin PBXResourcesBuildPhase section */
		E4B1E7522BF7497700ECADFA /* Resources */ = {
			isa = PBXResourcesBuildPhase;
			buildActionMask = 2147483647;
			files = (
				E4B1E7642BF7497900ECADFA /* LaunchScreen.storyboard in Resources */,
				E4B421792BF794540040D4CB /* Color.xcassets in Resources */,
				E4B1E7612BF7497900ECADFA /* Assets.xcassets in Resources */,
				E4B1E75F2BF7497700ECADFA /* Main.storyboard in Resources */,
			);
			runOnlyForDeploymentPostprocessing = 0;
		};
		E4B1E7A62BF74D1100ECADFA /* Resources */ = {
			isa = PBXResourcesBuildPhase;
			buildActionMask = 2147483647;
			files = (
			);
			runOnlyForDeploymentPostprocessing = 0;
		};
		E4B1E7B32BF74D1500ECADFA /* Resources */ = {
			isa = PBXResourcesBuildPhase;
			buildActionMask = 2147483647;
			files = (
			);
			runOnlyForDeploymentPostprocessing = 0;
		};
/* End PBXResourcesBuildPhase section */

/* Begin PBXSourcesBuildPhase section */
		E4B1E7502BF7497700ECADFA /* Sources */ = {
			isa = PBXSourcesBuildPhase;
			buildActionMask = 2147483647;
			files = (
				E4B1E7792BF74B7100ECADFA /* Network.swift in Sources */,
				E4B421812BF798DD0040D4CB /* ResultViewModel.swift in Sources */,
				E4B4217B2BF794720040D4CB /* Color + Extension.swift in Sources */,
				E4B4217F2BF798D50040D4CB /* ResultViewController.swift in Sources */,
				E4B1E7852BF74B7B00ECADFA /* LoginRequestModel.swift in Sources */,
				E4B1E7782BF74B7100ECADFA /* LoginNetwork.swift in Sources */,
				E4B421652BF7715F0040D4CB /* CareerServerNetwork.swift in Sources */,
				E4B421722BF789C70040D4CB /* Onboarding3.swift in Sources */,
				E4B4215C2BF75E6C0040D4CB /* CareerViewController.swift in Sources */,
				E4B421632BF770DE0040D4CB /* CareerServerResponseModel.swift in Sources */,
				E4B421772BF790AA0040D4CB /* OnboardingRequestModel.swift in Sources */,
				E4B421612BF7665E0040D4CB /* APIKEY.swift in Sources */,
				E4B1E7C32BF74DAA00ECADFA /* DocumentViewController.swift in Sources */,
				E4B421522BF75B860040D4CB /* CareerNetwork.swift in Sources */,
				E4B1E75C2BF7497700ECADFA /* HomeViewController.swift in Sources */,
				E4B421592BF75D7C0040D4CB /* CareerResponseModel.swift in Sources */,
				E4B1E7C52BF74DCC00ECADFA /* DocumentViewModel.swift in Sources */,
				E4B421692BF779390040D4CB /* Onboarding1.swift in Sources */,
				E4B4216D2BF781AA0040D4CB /* QuestionFile.swift in Sources */,
				E4B1E77B2BF74B7100ECADFA /* URL.swift in Sources */,
				E4B1E7582BF7497700ECADFA /* AppDelegate.swift in Sources */,
				E4B1E79D2BF74C0900ECADFA /* LoginResponseModel.swift in Sources */,
				E4B4216B2BF77C860040D4CB /* OnboardingStart.swift in Sources */,
				E4B1E75A2BF7497700ECADFA /* SceneDelegate.swift in Sources */,
				E4B421572BF75D710040D4CB /* CareerServerRequestModel.swift in Sources */,
				E4B1E7A12BF74C3900ECADFA /* LoginViewModel.swift in Sources */,
				E4B1E77A2BF74B7100ECADFA /* NetworkProvider.swift in Sources */,
				E4B4216F2BF7890C0040D4CB /* Onboarding2.swift in Sources */,
				E4B4215E2BF75E730040D4CB /* CareerViewModel.swift in Sources */,
				E4B1E7A22BF74C3900ECADFA /* LoginViewController.swift in Sources */,
			);
			runOnlyForDeploymentPostprocessing = 0;
		};
		E4B1E7A42BF74D1100ECADFA /* Sources */ = {
			isa = PBXSourcesBuildPhase;
			buildActionMask = 2147483647;
			files = (
				E4B1E7AB2BF74D1100ECADFA /* SejongHackathonUnitTests.swift in Sources */,
			);
			runOnlyForDeploymentPostprocessing = 0;
		};
		E4B1E7B12BF74D1500ECADFA /* Sources */ = {
			isa = PBXSourcesBuildPhase;
			buildActionMask = 2147483647;
			files = (
				E4B1E7BA2BF74D1500ECADFA /* SejongHackathonUITestsLaunchTests.swift in Sources */,
				E4B1E7B82BF74D1500ECADFA /* SejongHackathonUITests.swift in Sources */,
			);
			runOnlyForDeploymentPostprocessing = 0;
		};
/* End PBXSourcesBuildPhase section */

/* Begin PBXTargetDependency section */
		E4B1E7AD2BF74D1100ECADFA /* PBXTargetDependency */ = {
			isa = PBXTargetDependency;
			target = E4B1E7532BF7497700ECADFA /* SejongHackathon */;
			targetProxy = E4B1E7AC2BF74D1100ECADFA /* PBXContainerItemProxy */;
		};
		E4B1E7BC2BF74D1500ECADFA /* PBXTargetDependency */ = {
			isa = PBXTargetDependency;
			target = E4B1E7532BF7497700ECADFA /* SejongHackathon */;
			targetProxy = E4B1E7BB2BF74D1500ECADFA /* PBXContainerItemProxy */;
		};
/* End PBXTargetDependency section */

/* Begin PBXVariantGroup section */
		E4B1E75D2BF7497700ECADFA /* Main.storyboard */ = {
			isa = PBXVariantGroup;
			children = (
				E4B1E75E2BF7497700ECADFA /* Base */,
			);
			name = Main.storyboard;
			sourceTree = "<group>";
		};
		E4B1E7622BF7497900ECADFA /* LaunchScreen.storyboard */ = {
			isa = PBXVariantGroup;
			children = (
				E4B1E7632BF7497900ECADFA /* Base */,
			);
			name = LaunchScreen.storyboard;
			sourceTree = "<group>";
		};
/* End PBXVariantGroup section */

/* Begin XCBuildConfiguration section */
		E4B1E7662BF7497900ECADFA /* Debug */ = {
			isa = XCBuildConfiguration;
			buildSettings = {
				ALWAYS_SEARCH_USER_PATHS = NO;
				CLANG_ANALYZER_NONNULL = YES;
				CLANG_ANALYZER_NUMBER_OBJECT_CONVERSION = YES_AGGRESSIVE;
				CLANG_CXX_LANGUAGE_STANDARD = "gnu++20";
				CLANG_ENABLE_MODULES = YES;
				CLANG_ENABLE_OBJC_ARC = YES;
				CLANG_ENABLE_OBJC_WEAK = YES;
				CLANG_WARN_BLOCK_CAPTURE_AUTORELEASING = YES;
				CLANG_WARN_BOOL_CONVERSION = YES;
				CLANG_WARN_COMMA = YES;
				CLANG_WARN_CONSTANT_CONVERSION = YES;
				CLANG_WARN_DEPRECATED_OBJC_IMPLEMENTATIONS = YES;
				CLANG_WARN_DIRECT_OBJC_ISA_USAGE = YES_ERROR;
				CLANG_WARN_DOCUMENTATION_COMMENTS = YES;
				CLANG_WARN_EMPTY_BODY = YES;
				CLANG_WARN_ENUM_CONVERSION = YES;
				CLANG_WARN_INFINITE_RECURSION = YES;
				CLANG_WARN_INT_CONVERSION = YES;
				CLANG_WARN_NON_LITERAL_NULL_CONVERSION = YES;
				CLANG_WARN_OBJC_IMPLICIT_RETAIN_SELF = YES;
				CLANG_WARN_OBJC_LITERAL_CONVERSION = YES;
				CLANG_WARN_OBJC_ROOT_CLASS = YES_ERROR;
				CLANG_WARN_QUOTED_INCLUDE_IN_FRAMEWORK_HEADER = YES;
				CLANG_WARN_RANGE_LOOP_ANALYSIS = YES;
				CLANG_WARN_STRICT_PROTOTYPES = YES;
				CLANG_WARN_SUSPICIOUS_MOVE = YES;
				CLANG_WARN_UNGUARDED_AVAILABILITY = YES_AGGRESSIVE;
				CLANG_WARN_UNREACHABLE_CODE = YES;
				CLANG_WARN__DUPLICATE_METHOD_MATCH = YES;
				COPY_PHASE_STRIP = NO;
				DEBUG_INFORMATION_FORMAT = dwarf;
				ENABLE_STRICT_OBJC_MSGSEND = YES;
				ENABLE_TESTABILITY = YES;
				GCC_C_LANGUAGE_STANDARD = gnu11;
				GCC_DYNAMIC_NO_PIC = NO;
				GCC_NO_COMMON_BLOCKS = YES;
				GCC_OPTIMIZATION_LEVEL = 0;
				GCC_PREPROCESSOR_DEFINITIONS = (
					"DEBUG=1",
					"$(inherited)",
				);
				GCC_WARN_64_TO_32_BIT_CONVERSION = YES;
				GCC_WARN_ABOUT_RETURN_TYPE = YES_ERROR;
				GCC_WARN_UNDECLARED_SELECTOR = YES;
				GCC_WARN_UNINITIALIZED_AUTOS = YES_AGGRESSIVE;
				GCC_WARN_UNUSED_FUNCTION = YES;
				GCC_WARN_UNUSED_VARIABLE = YES;
				IPHONEOS_DEPLOYMENT_TARGET = 16.4;
				MTL_ENABLE_DEBUG_INFO = INCLUDE_SOURCE;
				MTL_FAST_MATH = YES;
				ONLY_ACTIVE_ARCH = YES;
				SDKROOT = iphoneos;
				SWIFT_ACTIVE_COMPILATION_CONDITIONS = DEBUG;
				SWIFT_OPTIMIZATION_LEVEL = "-Onone";
			};
			name = Debug;
		};
		E4B1E7672BF7497900ECADFA /* Release */ = {
			isa = XCBuildConfiguration;
			buildSettings = {
				ALWAYS_SEARCH_USER_PATHS = NO;
				CLANG_ANALYZER_NONNULL = YES;
				CLANG_ANALYZER_NUMBER_OBJECT_CONVERSION = YES_AGGRESSIVE;
				CLANG_CXX_LANGUAGE_STANDARD = "gnu++20";
				CLANG_ENABLE_MODULES = YES;
				CLANG_ENABLE_OBJC_ARC = YES;
				CLANG_ENABLE_OBJC_WEAK = YES;
				CLANG_WARN_BLOCK_CAPTURE_AUTORELEASING = YES;
				CLANG_WARN_BOOL_CONVERSION = YES;
				CLANG_WARN_COMMA = YES;
				CLANG_WARN_CONSTANT_CONVERSION = YES;
				CLANG_WARN_DEPRECATED_OBJC_IMPLEMENTATIONS = YES;
				CLANG_WARN_DIRECT_OBJC_ISA_USAGE = YES_ERROR;
				CLANG_WARN_DOCUMENTATION_COMMENTS = YES;
				CLANG_WARN_EMPTY_BODY = YES;
				CLANG_WARN_ENUM_CONVERSION = YES;
				CLANG_WARN_INFINITE_RECURSION = YES;
				CLANG_WARN_INT_CONVERSION = YES;
				CLANG_WARN_NON_LITERAL_NULL_CONVERSION = YES;
				CLANG_WARN_OBJC_IMPLICIT_RETAIN_SELF = YES;
				CLANG_WARN_OBJC_LITERAL_CONVERSION = YES;
				CLANG_WARN_OBJC_ROOT_CLASS = YES_ERROR;
				CLANG_WARN_QUOTED_INCLUDE_IN_FRAMEWORK_HEADER = YES;
				CLANG_WARN_RANGE_LOOP_ANALYSIS = YES;
				CLANG_WARN_STRICT_PROTOTYPES = YES;
				CLANG_WARN_SUSPICIOUS_MOVE = YES;
				CLANG_WARN_UNGUARDED_AVAILABILITY = YES_AGGRESSIVE;
				CLANG_WARN_UNREACHABLE_CODE = YES;
				CLANG_WARN__DUPLICATE_METHOD_MATCH = YES;
				COPY_PHASE_STRIP = NO;
				DEBUG_INFORMATION_FORMAT = "dwarf-with-dsym";
				ENABLE_NS_ASSERTIONS = NO;
				ENABLE_STRICT_OBJC_MSGSEND = YES;
				GCC_C_LANGUAGE_STANDARD = gnu11;
				GCC_NO_COMMON_BLOCKS = YES;
				GCC_WARN_64_TO_32_BIT_CONVERSION = YES;
				GCC_WARN_ABOUT_RETURN_TYPE = YES_ERROR;
				GCC_WARN_UNDECLARED_SELECTOR = YES;
				GCC_WARN_UNINITIALIZED_AUTOS = YES_AGGRESSIVE;
				GCC_WARN_UNUSED_FUNCTION = YES;
				GCC_WARN_UNUSED_VARIABLE = YES;
				IPHONEOS_DEPLOYMENT_TARGET = 16.4;
				MTL_ENABLE_DEBUG_INFO = NO;
				MTL_FAST_MATH = YES;
				SDKROOT = iphoneos;
				SWIFT_COMPILATION_MODE = wholemodule;
				SWIFT_OPTIMIZATION_LEVEL = "-O";
				VALIDATE_PRODUCT = YES;
			};
			name = Release;
		};
		E4B1E7692BF7497900ECADFA /* Debug */ = {
			isa = XCBuildConfiguration;
			buildSettings = {
				ASSETCATALOG_COMPILER_APPICON_NAME = AppIcon;
				ASSETCATALOG_COMPILER_GLOBAL_ACCENT_COLOR_NAME = AccentColor;
				CODE_SIGN_ENTITLEMENTS = SejongHackathon/SejongHackathon.entitlements;
				CODE_SIGN_STYLE = Automatic;
				CURRENT_PROJECT_VERSION = 1;
				DEVELOPMENT_TEAM = Q653PU93R6;
				GENERATE_INFOPLIST_FILE = YES;
				INFOPLIST_FILE = SejongHackathon/Info.plist;
				INFOPLIST_KEY_UIApplicationSupportsIndirectInputEvents = YES;
				INFOPLIST_KEY_UILaunchStoryboardName = LaunchScreen;
				INFOPLIST_KEY_UISupportedInterfaceOrientations_iPad = "UIInterfaceOrientationPortrait UIInterfaceOrientationPortraitUpsideDown UIInterfaceOrientationLandscapeLeft UIInterfaceOrientationLandscapeRight";
				INFOPLIST_KEY_UISupportedInterfaceOrientations_iPhone = "UIInterfaceOrientationPortrait UIInterfaceOrientationLandscapeLeft UIInterfaceOrientationLandscapeRight";
				INFOPLIST_KEY_UIUserInterfaceStyle = Light;
				LD_RUNPATH_SEARCH_PATHS = (
					"$(inherited)",
					"@executable_path/Frameworks",
				);
				MARKETING_VERSION = 1.0;
				PRODUCT_BUNDLE_IDENTIFIER = WEDLE.SejongHackathon;
				PRODUCT_NAME = "$(TARGET_NAME)";
				SWIFT_EMIT_LOC_STRINGS = YES;
				SWIFT_VERSION = 5.0;
				TARGETED_DEVICE_FAMILY = "1,2";
			};
			name = Debug;
		};
		E4B1E76A2BF7497900ECADFA /* Release */ = {
			isa = XCBuildConfiguration;
			buildSettings = {
				ASSETCATALOG_COMPILER_APPICON_NAME = AppIcon;
				ASSETCATALOG_COMPILER_GLOBAL_ACCENT_COLOR_NAME = AccentColor;
				CODE_SIGN_ENTITLEMENTS = SejongHackathon/SejongHackathon.entitlements;
				CODE_SIGN_STYLE = Automatic;
				CURRENT_PROJECT_VERSION = 1;
				DEVELOPMENT_TEAM = Q653PU93R6;
				GENERATE_INFOPLIST_FILE = YES;
				INFOPLIST_FILE = SejongHackathon/Info.plist;
				INFOPLIST_KEY_UIApplicationSupportsIndirectInputEvents = YES;
				INFOPLIST_KEY_UILaunchStoryboardName = LaunchScreen;
				INFOPLIST_KEY_UISupportedInterfaceOrientations_iPad = "UIInterfaceOrientationPortrait UIInterfaceOrientationPortraitUpsideDown UIInterfaceOrientationLandscapeLeft UIInterfaceOrientationLandscapeRight";
				INFOPLIST_KEY_UISupportedInterfaceOrientations_iPhone = "UIInterfaceOrientationPortrait UIInterfaceOrientationLandscapeLeft UIInterfaceOrientationLandscapeRight";
				INFOPLIST_KEY_UIUserInterfaceStyle = Light;
				LD_RUNPATH_SEARCH_PATHS = (
					"$(inherited)",
					"@executable_path/Frameworks",
				);
				MARKETING_VERSION = 1.0;
				PRODUCT_BUNDLE_IDENTIFIER = WEDLE.SejongHackathon;
				PRODUCT_NAME = "$(TARGET_NAME)";
				SWIFT_EMIT_LOC_STRINGS = YES;
				SWIFT_VERSION = 5.0;
				TARGETED_DEVICE_FAMILY = "1,2";
			};
			name = Release;
		};
		E4B1E7AF2BF74D1100ECADFA /* Debug */ = {
			isa = XCBuildConfiguration;
			buildSettings = {
				BUNDLE_LOADER = "$(TEST_HOST)";
				CODE_SIGN_STYLE = Automatic;
				CURRENT_PROJECT_VERSION = 1;
				DEVELOPMENT_TEAM = Q653PU93R6;
				GENERATE_INFOPLIST_FILE = YES;
				IPHONEOS_DEPLOYMENT_TARGET = 16.4;
				MACOSX_DEPLOYMENT_TARGET = 13.0;
				MARKETING_VERSION = 1.0;
				PRODUCT_BUNDLE_IDENTIFIER = WEDLE.SejongHackathonUnitTests;
				PRODUCT_NAME = "$(TARGET_NAME)";
				SDKROOT = auto;
				SUPPORTED_PLATFORMS = "iphoneos iphonesimulator macosx";
				SWIFT_EMIT_LOC_STRINGS = NO;
				SWIFT_VERSION = 5.0;
				TARGETED_DEVICE_FAMILY = "1,2";
				TEST_HOST = "$(BUILT_PRODUCTS_DIR)/SejongHackathon.app/$(BUNDLE_EXECUTABLE_FOLDER_PATH)/SejongHackathon";
			};
			name = Debug;
		};
		E4B1E7B02BF74D1100ECADFA /* Release */ = {
			isa = XCBuildConfiguration;
			buildSettings = {
				BUNDLE_LOADER = "$(TEST_HOST)";
				CODE_SIGN_STYLE = Automatic;
				CURRENT_PROJECT_VERSION = 1;
				DEVELOPMENT_TEAM = Q653PU93R6;
				GENERATE_INFOPLIST_FILE = YES;
				IPHONEOS_DEPLOYMENT_TARGET = 16.4;
				MACOSX_DEPLOYMENT_TARGET = 13.0;
				MARKETING_VERSION = 1.0;
				PRODUCT_BUNDLE_IDENTIFIER = WEDLE.SejongHackathonUnitTests;
				PRODUCT_NAME = "$(TARGET_NAME)";
				SDKROOT = auto;
				SUPPORTED_PLATFORMS = "iphoneos iphonesimulator macosx";
				SWIFT_EMIT_LOC_STRINGS = NO;
				SWIFT_VERSION = 5.0;
				TARGETED_DEVICE_FAMILY = "1,2";
				TEST_HOST = "$(BUILT_PRODUCTS_DIR)/SejongHackathon.app/$(BUNDLE_EXECUTABLE_FOLDER_PATH)/SejongHackathon";
			};
			name = Release;
		};
		E4B1E7BE2BF74D1500ECADFA /* Debug */ = {
			isa = XCBuildConfiguration;
			buildSettings = {
				CODE_SIGN_STYLE = Automatic;
				CURRENT_PROJECT_VERSION = 1;
				DEVELOPMENT_TEAM = Q653PU93R6;
				GENERATE_INFOPLIST_FILE = YES;
				MARKETING_VERSION = 1.0;
				PRODUCT_BUNDLE_IDENTIFIER = WEDLE.SejongHackathonUITests;
				PRODUCT_NAME = "$(TARGET_NAME)";
				SWIFT_EMIT_LOC_STRINGS = NO;
				SWIFT_VERSION = 5.0;
				TARGETED_DEVICE_FAMILY = "1,2";
				TEST_TARGET_NAME = SejongHackathon;
			};
			name = Debug;
		};
		E4B1E7BF2BF74D1500ECADFA /* Release */ = {
			isa = XCBuildConfiguration;
			buildSettings = {
				CODE_SIGN_STYLE = Automatic;
				CURRENT_PROJECT_VERSION = 1;
				DEVELOPMENT_TEAM = Q653PU93R6;
				GENERATE_INFOPLIST_FILE = YES;
				MARKETING_VERSION = 1.0;
				PRODUCT_BUNDLE_IDENTIFIER = WEDLE.SejongHackathonUITests;
				PRODUCT_NAME = "$(TARGET_NAME)";
				SWIFT_EMIT_LOC_STRINGS = NO;
				SWIFT_VERSION = 5.0;
				TARGETED_DEVICE_FAMILY = "1,2";
				TEST_TARGET_NAME = SejongHackathon;
			};
			name = Release;
		};
/* End XCBuildConfiguration section */

/* Begin XCConfigurationList section */
		E4B1E74F2BF7497700ECADFA /* Build configuration list for PBXProject "SejongHackathon" */ = {
			isa = XCConfigurationList;
			buildConfigurations = (
				E4B1E7662BF7497900ECADFA /* Debug */,
				E4B1E7672BF7497900ECADFA /* Release */,
			);
			defaultConfigurationIsVisible = 0;
			defaultConfigurationName = Release;
		};
		E4B1E7682BF7497900ECADFA /* Build configuration list for PBXNativeTarget "SejongHackathon" */ = {
			isa = XCConfigurationList;
			buildConfigurations = (
				E4B1E7692BF7497900ECADFA /* Debug */,
				E4B1E76A2BF7497900ECADFA /* Release */,
			);
			defaultConfigurationIsVisible = 0;
			defaultConfigurationName = Release;
		};
		E4B1E7AE2BF74D1100ECADFA /* Build configuration list for PBXNativeTarget "SejongHackathonUnitTests" */ = {
			isa = XCConfigurationList;
			buildConfigurations = (
				E4B1E7AF2BF74D1100ECADFA /* Debug */,
				E4B1E7B02BF74D1100ECADFA /* Release */,
			);
			defaultConfigurationIsVisible = 0;
			defaultConfigurationName = Release;
		};
		E4B1E7BD2BF74D1500ECADFA /* Build configuration list for PBXNativeTarget "SejongHackathonUITests" */ = {
			isa = XCConfigurationList;
			buildConfigurations = (
				E4B1E7BE2BF74D1500ECADFA /* Debug */,
				E4B1E7BF2BF74D1500ECADFA /* Release */,
			);
			defaultConfigurationIsVisible = 0;
			defaultConfigurationName = Release;
		};
/* End XCConfigurationList section */

/* Begin XCRemoteSwiftPackageReference section */
		E4B1E7862BF74BA900ECADFA /* XCRemoteSwiftPackageReference "Alamofire" */ = {
			isa = XCRemoteSwiftPackageReference;
			repositoryURL = "https://github.com/Alamofire/Alamofire.git";
			requirement = {
				kind = upToNextMajorVersion;
				minimumVersion = 5.0.0;
			};
		};
		E4B1E7892BF74BB200ECADFA /* XCRemoteSwiftPackageReference "Kingfisher" */ = {
			isa = XCRemoteSwiftPackageReference;
			repositoryURL = "https://github.com/onevcat/Kingfisher.git";
			requirement = {
				kind = upToNextMajorVersion;
				minimumVersion = 7.0.0;
			};
		};
		E4B1E78C2BF74BC400ECADFA /* XCRemoteSwiftPackageReference "RxAlamofire" */ = {
			isa = XCRemoteSwiftPackageReference;
			repositoryURL = "https://github.com/RxSwiftCommunity/RxAlamofire.git";
			requirement = {
				kind = upToNextMajorVersion;
				minimumVersion = 6.0.0;
			};
		};
		E4B1E78F2BF74BD200ECADFA /* XCRemoteSwiftPackageReference "RxSwift" */ = {
			isa = XCRemoteSwiftPackageReference;
			repositoryURL = "https://github.com/ReactiveX/RxSwift.git";
			requirement = {
				kind = upToNextMajorVersion;
				minimumVersion = 6.0.0;
			};
		};
		E4B1E7962BF74BDE00ECADFA /* XCRemoteSwiftPackageReference "SnapKit" */ = {
			isa = XCRemoteSwiftPackageReference;
			repositoryURL = "https://github.com/SnapKit/SnapKit.git";
			requirement = {
				kind = upToNextMajorVersion;
				minimumVersion = 5.0.0;
			};
		};
		E4B1E7992BF74BED00ECADFA /* XCRemoteSwiftPackageReference "SwiftKeychainWrapper" */ = {
			isa = XCRemoteSwiftPackageReference;
			repositoryURL = "https://github.com/jrendel/SwiftKeychainWrapper.git";
			requirement = {
				kind = upToNextMajorVersion;
				minimumVersion = 4.0.0;
			};
		};
		E4B421822BF799C50040D4CB /* XCRemoteSwiftPackageReference "Charts" */ = {
			isa = XCRemoteSwiftPackageReference;
			repositoryURL = "https://github.com/danielgindi/Charts.git";
			requirement = {
				kind = upToNextMajorVersion;
				minimumVersion = 5.0.0;
			};
		};
/* End XCRemoteSwiftPackageReference section */

/* Begin XCSwiftPackageProductDependency section */
		E4B1E7872BF74BA900ECADFA /* Alamofire */ = {
			isa = XCSwiftPackageProductDependency;
			package = E4B1E7862BF74BA900ECADFA /* XCRemoteSwiftPackageReference "Alamofire" */;
			productName = Alamofire;
		};
		E4B1E78A2BF74BB200ECADFA /* Kingfisher */ = {
			isa = XCSwiftPackageProductDependency;
			package = E4B1E7892BF74BB200ECADFA /* XCRemoteSwiftPackageReference "Kingfisher" */;
			productName = Kingfisher;
		};
		E4B1E78D2BF74BC400ECADFA /* RxAlamofire */ = {
			isa = XCSwiftPackageProductDependency;
			package = E4B1E78C2BF74BC400ECADFA /* XCRemoteSwiftPackageReference "RxAlamofire" */;
			productName = RxAlamofire;
		};
		E4B1E7902BF74BD200ECADFA /* RxCocoa */ = {
			isa = XCSwiftPackageProductDependency;
			package = E4B1E78F2BF74BD200ECADFA /* XCRemoteSwiftPackageReference "RxSwift" */;
			productName = RxCocoa;
		};
		E4B1E7922BF74BD200ECADFA /* RxRelay */ = {
			isa = XCSwiftPackageProductDependency;
			package = E4B1E78F2BF74BD200ECADFA /* XCRemoteSwiftPackageReference "RxSwift" */;
			productName = RxRelay;
		};
		E4B1E7942BF74BD300ECADFA /* RxSwift */ = {
			isa = XCSwiftPackageProductDependency;
			package = E4B1E78F2BF74BD200ECADFA /* XCRemoteSwiftPackageReference "RxSwift" */;
			productName = RxSwift;
		};
		E4B1E7972BF74BDE00ECADFA /* SnapKit */ = {
			isa = XCSwiftPackageProductDependency;
			package = E4B1E7962BF74BDE00ECADFA /* XCRemoteSwiftPackageReference "SnapKit" */;
			productName = SnapKit;
		};
		E4B1E79A2BF74BED00ECADFA /* SwiftKeychainWrapper */ = {
			isa = XCSwiftPackageProductDependency;
			package = E4B1E7992BF74BED00ECADFA /* XCRemoteSwiftPackageReference "SwiftKeychainWrapper" */;
			productName = SwiftKeychainWrapper;
		};
		E4B421832BF799C50040D4CB /* DGCharts */ = {
			isa = XCSwiftPackageProductDependency;
			package = E4B421822BF799C50040D4CB /* XCRemoteSwiftPackageReference "Charts" */;
			productName = DGCharts;
		};
/* End XCSwiftPackageProductDependency section */
	};
	rootObject = E4B1E74C2BF7497700ECADFA /* Project object */;
}
